
Microsoft Visual Studio Solution File, Format Version 12.00
# Visual Studio Version 17
VisualStudioVersion = 17.13.35806.99 d17.13
MinimumVisualStudioVersion = 10.0.40219.1
Project("{FAE04EC0-301F-11D3-BF4B-00C04F79EFBC}") = "HudlTechTest", "HudlTechTest\HudlTechTest.csproj", "{CD6401F1-CB8B-47F0-9925-3E1EAD077D47}"
EndProject
Global
	GlobalSection(SolutionConfigurationPlatforms) = preSolution
		Debug|Any CPU = Debug|Any CPU
		Release|Any CPU = Release|Any CPU
	EndGlobalSection
	GlobalSection(ProjectConfigurationPlatforms) = postSolution
		{CD6401F1-CB8B-47F0-9925-3E1EAD077D47}.Debug|Any CPU.ActiveCfg = Debug|Any CPU
		{CD6401F1-CB8B-47F0-9925-3E1EAD077D47}.Debug|Any CPU.Build.0 = Debug|Any CPU
		{CD6401F1-CB8B-47F0-9925-3E1EAD077D47}.Release|Any CPU.ActiveCfg = Release|Any CPU
		{CD6401F1-CB8B-47F0-9925-3E1EAD077D47}.Release|Any CPU.Build.0 = Release|Any CPU
	EndGlobalSection
	GlobalSection(SolutionProperties) = preSolution
		HideSolutionNode = FALSE
	EndGlobalSection
	GlobalSection(ExtensibilityGlobals) = postSolution
		SolutionGuid = {2B00BF64-0C63-400C-8D9A-40D6C7146258}
	EndGlobalSection
EndGlobal
